
Microsoft Visual Studio Solution File, Format Version 12.00
# Visual Studio Version 17
VisualStudioVersion = 17.13.35919.96 d17.13
MinimumVisualStudioVersion = 10.0.40219.1
Project("{FAE04EC0-301F-11D3-BF4B-00C04F79EFBC}") = "Jogo_SF", "Jogo_SF\Jogo_SF.csproj", "{485C8610-B356-489A-8131-EC5E357795E5}"
EndProject
Global
	GlobalSection(SolutionConfigurationPlatforms) = preSolution
		Debug|Any CPU = Debug|Any CPU
		Release|Any CPU = Release|Any CPU
	EndGlobalSection
	GlobalSection(ProjectConfigurationPlatforms) = postSolution
		{485C8610-B356-489A-8131-EC5E357795E5}.Debug|Any CPU.ActiveCfg = Debug|Any CPU
		{485C8610-B356-489A-8131-EC5E357795E5}.Debug|Any CPU.Build.0 = Debug|Any CPU
		{485C8610-B356-489A-8131-EC5E357795E5}.Release|Any CPU.ActiveCfg = Release|Any CPU
		{485C8610-B356-489A-8131-EC5E357795E5}.Release|Any CPU.Build.0 = Release|Any CPU
	EndGlobalSection
	GlobalSection(SolutionProperties) = preSolution
		HideSolutionNode = FALSE
	EndGlobalSection
	GlobalSection(ExtensibilityGlobals) = postSolution
		SolutionGuid = {39E54191-3D7E-42E6-A227-4CC25E9CDD37}
	EndGlobalSection
EndGlobal
